
Microsoft Visual Studio Solution File, Format Version 12.00
# Visual Studio 14
VisualStudioVersion = 14.0.25420.1
MinimumVisualStudioVersion = 10.0.40219.1
Project("{2150E333-8FDC-42A3-9474-1A3956D46DE8}") = "src", "src", "{375B633C-C3A5-426C-BC49-6F295B9AEE3F}"
EndProject
Project("{2150E333-8FDC-42A3-9474-1A3956D46DE8}") = "Solution Items", "Solution Items", "{9D162265-8F85-4A35-902E-D8469DB685FA}"
	ProjectSection(SolutionItems) = preProject
		global.json = global.json
	EndProjectSection
EndProject
Project("{8BB2217D-0F2D-49D1-97BC-3654ED321F3B}") = "Movies", "src\Movies\Movies.xproj", "{5CC1A626-7CBB-4CA1-964D-1796B7AC4CD5}"
EndProject
Global
	GlobalSection(SolutionConfigurationPlatforms) = preSolution
		Debug|Any CPU = Debug|Any CPU
		Release|Any CPU = Release|Any CPU
	EndGlobalSection
	GlobalSection(ProjectConfigurationPlatforms) = postSolution
		{5CC1A626-7CBB-4CA1-964D-1796B7AC4CD5}.Debug|Any CPU.ActiveCfg = Debug|Any CPU
		{5CC1A626-7CBB-4CA1-964D-1796B7AC4CD5}.Debug|Any CPU.Build.0 = Debug|Any CPU
		{5CC1A626-7CBB-4CA1-964D-1796B7AC4CD5}.Release|Any CPU.ActiveCfg = Release|Any CPU
		{5CC1A626-7CBB-4CA1-964D-1796B7AC4CD5}.Release|Any CPU.Build.0 = Release|Any CPU
	EndGlobalSection
	GlobalSection(SolutionProperties) = preSolution
		HideSolutionNode = FALSE
	EndGlobalSection
	GlobalSection(NestedProjects) = preSolution
		{5CC1A626-7CBB-4CA1-964D-1796B7AC4CD5} = {375B633C-C3A5-426C-BC49-6F295B9AEE3F}
	EndGlobalSection
EndGlobal
